
Microsoft Visual Studio Solution File, Format Version 11.00
# Visual Studio 2010
Project("{FAE04EC0-301F-11D3-BF4B-00C04F79EFBC}") = "ChatOnCom", "ChatOnCom\ChatOnCom.csproj", "{C81DFB35-A6E1-4784-A099-64CEF006B415}"
EndProject
Project("{54435603-DBB4-11D2-8724-00A0C9A8B90C}") = "Setup", "Setup\Setup.vdproj", "{6E6F3CFD-CCBA-4D62-B386-7FD8069DCF90}"
EndProject
Global
	GlobalSection(SolutionConfigurationPlatforms) = preSolution
		Debug|Any CPU = Debug|Any CPU
		Release|Any CPU = Release|Any CPU
	EndGlobalSection
	GlobalSection(ProjectConfigurationPlatforms) = postSolution
		{C81DFB35-A6E1-4784-A099-64CEF006B415}.Debug|Any CPU.ActiveCfg = Release|Any CPU
		{C81DFB35-A6E1-4784-A099-64CEF006B415}.Debug|Any CPU.Build.0 = Release|Any CPU
		{C81DFB35-A6E1-4784-A099-64CEF006B415}.Release|Any CPU.ActiveCfg = Release|Any CPU
		{C81DFB35-A6E1-4784-A099-64CEF006B415}.Release|Any CPU.Build.0 = Release|Any CPU
		{6E6F3CFD-CCBA-4D62-B386-7FD8069DCF90}.Debug|Any CPU.ActiveCfg = Release
		{6E6F3CFD-CCBA-4D62-B386-7FD8069DCF90}.Release|Any CPU.ActiveCfg = Release
	EndGlobalSection
	GlobalSection(SolutionProperties) = preSolution
		HideSolutionNode = FALSE
	EndGlobalSection
EndGlobal
